[[package]]
name = "anyio"
version = "3.6.1"
requires_python = ">=3.6.2"
summary = "High level compatibility layer for multiple asynchronous event loop implementations"
dependencies = [
    "idna>=2.8",
    "sniffio>=1.1",
]

[[package]]
name = "click"
version = "8.1.3"
requires_python = ">=3.7"
summary = "Composable command line interface toolkit"
dependencies = [
    "colorama; platform_system == \"Windows\"",
]

[[package]]
name = "colorama"
version = "0.4.5"
requires_python = ">=2.7, !=3.0.*, !=3.1.*, !=3.2.*, !=3.3.*, !=3.4.*"
summary = "Cross-platform colored terminal text."

[[package]]
name = "fastapi"
version = "0.81.0"
requires_python = ">=3.6.1"
summary = "FastAPI framework, high performance, easy to learn, fast to code, ready for production"
dependencies = [
    "pydantic!=1.7,!=1.7.1,!=1.7.2,!=1.7.3,!=1.8,!=1.8.1,<2.0.0,>=1.6.2",
    "starlette==0.19.1",
]

[[package]]
name = "h11"
version = "0.13.0"
requires_python = ">=3.6"
summary = "A pure-Python, bring-your-own-I/O implementation of HTTP/1.1"

[[package]]
name = "idna"
version = "3.3"
requires_python = ">=3.5"
summary = "Internationalized Domain Names in Applications (IDNA)"

[[package]]
name = "pydantic"
version = "1.9.2"
requires_python = ">=3.6.1"
summary = "Data validation and settings management using python type hints"
dependencies = [
    "typing-extensions>=3.7.4.3",
]

[[package]]
name = "sniffio"
version = "1.2.0"
requires_python = ">=3.5"
summary = "Sniff out which async library your code is running under"

[[package]]
name = "starlette"
version = "0.19.1"
requires_python = ">=3.6"
summary = "The little ASGI library that shines."
dependencies = [
    "anyio<5,>=3.4.0",
]

[[package]]
name = "typing-extensions"
version = "4.3.0"
requires_python = ">=3.7"
summary = "Backported and Experimental Type Hints for Python 3.7+"

[[package]]
name = "uvicorn"
version = "0.18.3"
requires_python = ">=3.7"
summary = "The lightning-fast ASGI server."
dependencies = [
    "click>=7.0",
    "h11>=0.8",
]

[metadata]
lock_version = "4.0"
content_hash = "sha256:99e2169e847a88a854718357af9bd87318ec29efb58193744977342080d1cf6c"

[metadata.files]
"anyio 3.6.1" = [
    {url = "https://files.pythonhosted.org/packages/67/c4/fd50bbb2fb72532a4b778562e28ba581da15067cfb2537dbd3a2e64689c1/anyio-3.6.1.tar.gz", hash = "sha256:413adf95f93886e442aea925f3ee43baa5a765a64a0f52c6081894f9992fdd0b"},
    {url = "https://files.pythonhosted.org/packages/c3/22/4cba7e1b4f45ffbefd2ca817a6800ba1c671c26f288d7705f20289872012/anyio-3.6.1-py3-none-any.whl", hash = "sha256:cb29b9c70620506a9a8f87a309591713446953302d7d995344d0d7c6c0c9a7be"},
]
"click 8.1.3" = [
    {url = "https://files.pythonhosted.org/packages/59/87/84326af34517fca8c58418d148f2403df25303e02736832403587318e9e8/click-8.1.3.tar.gz", hash = "sha256:7682dc8afb30297001674575ea00d1814d808d6a36af415a82bd481d37ba7b8e"},
    {url = "https://files.pythonhosted.org/packages/c2/f1/df59e28c642d583f7dacffb1e0965d0e00b218e0186d7858ac5233dce840/click-8.1.3-py3-none-any.whl", hash = "sha256:bb4d8133cb15a609f44e8213d9b391b0809795062913b383c62be0ee95b1db48"},
]
"colorama 0.4.5" = [
    {url = "https://files.pythonhosted.org/packages/2b/65/24d033a9325ce42ccbfa3ca2d0866c7e89cc68e5b9d92ecaba9feef631df/colorama-0.4.5.tar.gz", hash = "sha256:e6c6b4334fc50988a639d9b98aa429a0b57da6e17b9a44f0451f930b6967b7a4"},
    {url = "https://files.pythonhosted.org/packages/77/8b/7550e87b2d308a1b711725dfaddc19c695f8c5fa413c640b2be01662f4e6/colorama-0.4.5-py2.py3-none-any.whl", hash = "sha256:854bf444933e37f5824ae7bfc1e98d5bce2ebe4160d46b5edf346a89358e99da"},
]
"fastapi 0.81.0" = [
    {url = "https://files.pythonhosted.org/packages/cb/3b/f77f6c450882b23343552d06ad09658d14d535dd6b571fa09b8444cb4628/fastapi-0.81.0.tar.gz", hash = "sha256:9dafdc41feda85ee5acf0f7dd6bcb7fd946318a6664b41fd33e33b26f666a346"},
    {url = "https://files.pythonhosted.org/packages/d0/64/63e77ebc5c641dd3d021acd658de8b8710060c742b3557c02f8b4df272a2/fastapi-0.81.0-py3-none-any.whl", hash = "sha256:9ac5f5d252b4b394df29accb1ed4bedf30e0e87fc6eb7ec75e1449fa040bfc17"},
]
"h11 0.13.0" = [
    {url = "https://files.pythonhosted.org/packages/19/d2/32a15a4955be1b8114a1c570999eefd31279c7f9aa2d2a43d492a79b53c5/h11-0.13.0-py3-none-any.whl", hash = "sha256:8ddd78563b633ca55346c8cd41ec0af27d3c79931828beffb46ce70a379e7442"},
    {url = "https://files.pythonhosted.org/packages/fa/a6/450568b2d62dd633be53f69890332bb0ce78183ffbe1e514c2b3102efff5/h11-0.13.0.tar.gz", hash = "sha256:70813c1135087a248a4d38cc0e1a0181ffab2188141a93eaf567940c3957ff06"},
]
"idna 3.3" = [
    {url = "https://files.pythonhosted.org/packages/04/a2/d918dcd22354d8958fe113e1a3630137e0fc8b44859ade3063982eacd2a4/idna-3.3-py3-none-any.whl", hash = "sha256:84d9dd047ffa80596e0f246e2eab0b391788b0503584e8945f2368256d2735ff"},
    {url = "https://files.pythonhosted.org/packages/62/08/e3fc7c8161090f742f504f40b1bccbfc544d4a4e09eb774bf40aafce5436/idna-3.3.tar.gz", hash = "sha256:9d643ff0a55b762d5cdb124b8eaa99c66322e2157b69160bc32796e824360e6d"},
]
"pydantic 1.9.2" = [
    {url = "https://files.pythonhosted.org/packages/04/bc/5231387df42b199f38dd3f29eb10338bc0a272e24020aff5c4cd64d3270d/pydantic-1.9.2-cp39-cp39-musllinux_1_1_i686.whl", hash = "sha256:7ead3cd020d526f75b4188e0a8d71c0dbbe1b4b6b5dc0ea775a93aca16256aeb"},
    {url = "https://files.pythonhosted.org/packages/18/2f/228fe5d1dbf7c36bd252fb304b015d02a50f696e659a0bb370a5628d00f4/pydantic-1.9.2-cp38-cp38-musllinux_1_1_i686.whl", hash = "sha256:bd67cb2c2d9602ad159389c29e4ca964b86fa2f35c2faef54c3eb28b4efd36c8"},
    {url = "https://files.pythonhosted.org/packages/36/23/e7609029b3a71c95613e132e8abcfae2bff2da0aa6d894bad2f0048a3895/pydantic-1.9.2-cp310-cp310-macosx_10_9_x86_64.whl", hash = "sha256:9c9e04a6cdb7a363d7cb3ccf0efea51e0abb48e180c0d31dca8d247967d85c6e"},
    {url = "https://files.pythonhosted.org/packages/4c/f3/b8e7c5b68515f6c0c881b0cd64c03b17e6bc3005b0193be6485c0d5f98f0/pydantic-1.9.2-cp38-cp38-win_amd64.whl", hash = "sha256:d70916235d478404a3fa8c997b003b5f33aeac4686ac1baa767234a0f8ac2326"},
    {url = "https://files.pythonhosted.org/packages/52/e2/52961699414260e6b55500600c90acad94861c981f6ebfdb12e5e99ad1d4/pydantic-1.9.2-cp36-cp36m-win_amd64.whl", hash = "sha256:84d76ecc908d917f4684b354a39fd885d69dd0491be175f3465fe4b59811c001"},
    {url = "https://files.pythonhosted.org/packages/5c/3c/c9ba5be133267efad3be3d46d8b76a1d3c0458feb13838154805803513fb/pydantic-1.9.2-cp36-cp36m-manylinux_2_5_i686.manylinux1_i686.manylinux_2_17_i686.manylinux2014_i686.whl", hash = "sha256:e0b214e57623a535936005797567231a12d0da0c29711eb3514bc2b3cd008d0f"},
    {url = "https://files.pythonhosted.org/packages/60/ed/40e339ee852bf1e261b24f1917e6ad6814d488ee23bff91f9e275bfe58e5/pydantic-1.9.2-cp310-cp310-macosx_11_0_arm64.whl", hash = "sha256:fafe841be1103f340a24977f61dee76172e4ae5f647ab9e7fd1e1fca51524f08"},
    {url = "https://files.pythonhosted.org/packages/6f/1e/4dca34af2a7e8effb5226ac2fec3664e99c8e95c97e8ebae9ff47fb3bbef/pydantic-1.9.2-cp39-cp39-macosx_10_9_x86_64.whl", hash = "sha256:f0ca86b525264daa5f6b192f216a0d1e860b7383e3da1c65a1908f9c02f42801"},
    {url = "https://files.pythonhosted.org/packages/75/44/e3c3c72ddbf7f6c987e39cc09f21f61f21cffeebddb75b9019f952624942/pydantic-1.9.2-cp37-cp37m-manylinux_2_5_i686.manylinux1_i686.manylinux_2_17_i686.manylinux2014_i686.whl", hash = "sha256:a8c5360a0297a713b4123608a7909e6869e1b56d0e96eb0d792c27585d40757f"},
    {url = "https://files.pythonhosted.org/packages/83/cb/2781906491a09eb7c81e78638624dc4a3dd30c36b6a4bf33221f83609c4d/pydantic-1.9.2-cp36-cp36m-musllinux_1_1_x86_64.whl", hash = "sha256:b34ba24f3e2d0b39b43f0ca62008f7ba962cff51efa56e64ee25c4af6eed987b"},
    {url = "https://files.pythonhosted.org/packages/84/cf/b2514b857196fb8484209c6bf365a164b684f6eef3d1feaa4f9ce2447389/pydantic-1.9.2-cp38-cp38-macosx_11_0_arm64.whl", hash = "sha256:e631c70c9280e3129f071635b81207cad85e6c08e253539467e4ead0e5b219aa"},
    {url = "https://files.pythonhosted.org/packages/85/15/fc8232045224fbc566c2e5f618f17519eb2ae8f15e9e63d6f3363ece7421/pydantic-1.9.2-cp310-cp310-manylinux_2_17_x86_64.manylinux2014_x86_64.whl", hash = "sha256:afacf6d2a41ed91fc631bade88b1d319c51ab5418870802cedb590b709c5ae3c"},
    {url = "https://files.pythonhosted.org/packages/86/f8/c2effc693180e16b3ec886bc9d080f937afa7964823a7c204d5c9df55264/pydantic-1.9.2-cp38-cp38-macosx_10_9_x86_64.whl", hash = "sha256:91089b2e281713f3893cd01d8e576771cd5bfdfbff5d0ed95969f47ef6d676c3"},
    {url = "https://files.pythonhosted.org/packages/88/83/42a71762ec2f127ba8141a0608dea0ee2a8aa2dd6fcc0d2cda375aee61eb/pydantic-1.9.2-cp39-cp39-manylinux_2_17_x86_64.manylinux2014_x86_64.whl", hash = "sha256:e78578f0c7481c850d1c969aca9a65405887003484d24f6110458fb02cca7747"},
    {url = "https://files.pythonhosted.org/packages/95/5b/5d1d8d5e6e2d9a1ec3a94b75b14fe5a2e6efd13fa96a3e53144db9de9d48/pydantic-1.9.2-cp37-cp37m-macosx_10_9_x86_64.whl", hash = "sha256:4de71c718c9756d679420c69f216776c2e977459f77e8f679a4a961dc7304a56"},
    {url = "https://files.pythonhosted.org/packages/a0/cb/672a6e3a9fa78c9a21f274dbdef7f20633969527f07ac8f882263844f4c1/pydantic-1.9.2-cp37-cp37m-manylinux_2_17_x86_64.manylinux2014_x86_64.whl", hash = "sha256:5803ad846cdd1ed0d97eb00292b870c29c1f03732a010e66908ff48a762f20e4"},
    {url = "https://files.pythonhosted.org/packages/a1/ef/b9cc1565084701825f4b21ef87bc965025cf5b80b2cb647e668accab1602/pydantic-1.9.2-cp310-cp310-manylinux_2_5_i686.manylinux1_i686.manylinux_2_17_i686.manylinux2014_i686.whl", hash = "sha256:3ee0d69b2a5b341fc7927e92cae7ddcfd95e624dfc4870b32a85568bd65e6131"},
    {url = "https://files.pythonhosted.org/packages/aa/c9/0447b23ca481a0222ab0f75bd660ab0035db2c47554825778afb0e92938e/pydantic-1.9.2-cp36-cp36m-macosx_10_9_x86_64.whl", hash = "sha256:328558c9f2eed77bd8fffad3cef39dbbe3edc7044517f4625a769d45d4cf7555"},
    {url = "https://files.pythonhosted.org/packages/ac/bf/9ff92dc00d2dae537c453220e5bab6f5b18ff0f4f1bbe65e12af1b857a5c/pydantic-1.9.2-cp39-cp39-win_amd64.whl", hash = "sha256:f1a68f4f65a9ee64b6ccccb5bf7e17db07caebd2730109cb8a95863cfa9c4e55"},
    {url = "https://files.pythonhosted.org/packages/bb/9c/7ded003135342ea07fcac5581790634a2d70340175c1e7cb2f0affcb1962/pydantic-1.9.2-cp39-cp39-macosx_11_0_arm64.whl", hash = "sha256:1061c6ee6204f4f5a27133126854948e3b3d51fcc16ead2e5d04378c199b2f44"},
    {url = "https://files.pythonhosted.org/packages/bb/e4/e77fe8e16ce33f2737a0fbe9e3566eb05ac141079e6cac9b0d7835e5b778/pydantic-1.9.2-cp37-cp37m-win_amd64.whl", hash = "sha256:32e0b4fb13ad4db4058a7c3c80e2569adbd810c25e6ca3bbd8b2a9cc2cc871d7"},
    {url = "https://files.pythonhosted.org/packages/be/72/841dcb62c23d8955b82784dd3bb73770d1ce8aa562e5bd47c1f52230ca12/pydantic-1.9.2-cp38-cp38-manylinux_2_5_i686.manylinux1_i686.manylinux_2_17_i686.manylinux2014_i686.whl", hash = "sha256:5565a49effe38d51882cb7bac18bda013cdb34d80ac336428e8908f0b72499b0"},
    {url = "https://files.pythonhosted.org/packages/c2/6e/f4d724c7004cace580bd3c7ee6be87f4607dda0249574235d26d19b4258c/pydantic-1.9.2-cp36-cp36m-manylinux_2_17_x86_64.manylinux2014_x86_64.whl", hash = "sha256:2bd446bdb7755c3a94e56d7bdfd3ee92396070efa8ef3a34fab9579fe6aa1d84"},
    {url = "https://files.pythonhosted.org/packages/ca/e3/4083d8f5d6691d677be9a99d53a66da3cbecc91cafc6c48d08c75490b3ba/pydantic-1.9.2-cp310-cp310-musllinux_1_1_i686.whl", hash = "sha256:ff68fc85355532ea77559ede81f35fff79a6a5543477e168ab3a381887caea76"},
    {url = "https://files.pythonhosted.org/packages/d3/4b/6f539c1f26c6a8ed942fa751981909ab86336ce5ead28b6c92590ee6bc1b/pydantic-1.9.2-cp38-cp38-musllinux_1_1_x86_64.whl", hash = "sha256:4aafd4e55e8ad5bd1b19572ea2df546ccace7945853832bb99422a79c70ce9b8"},
    {url = "https://files.pythonhosted.org/packages/dd/1c/0046af6bfd47982495b502400e90ffdee0b5e4af11be4e58b50d47007f27/pydantic-1.9.2-cp36-cp36m-musllinux_1_1_i686.whl", hash = "sha256:d8ce3fb0841763a89322ea0432f1f59a2d3feae07a63ea2c958b2315e1ae8adb"},
    {url = "https://files.pythonhosted.org/packages/e0/0f/a8adcc49e58994f6da6b96dac42dedbedd250c3130d59a664d8130c8019d/pydantic-1.9.2-cp37-cp37m-musllinux_1_1_i686.whl", hash = "sha256:cdb4272678db803ddf94caa4f94f8672e9a46bae4a44f167095e4d06fec12979"},
    {url = "https://files.pythonhosted.org/packages/e6/b7/e50089199de9952f7156b8931c2bcd3db6654845d6c453046e9073a5f56d/pydantic-1.9.2-cp310-cp310-win_amd64.whl", hash = "sha256:615661bfc37e82ac677543704437ff737418e4ea04bef9cf11c6d27346606044"},
    {url = "https://files.pythonhosted.org/packages/e9/64/3395d45a05adcebb6d1025702c28d1ed188703397f38999295c52687f87e/pydantic-1.9.2-cp39-cp39-manylinux_2_5_i686.manylinux1_i686.manylinux_2_17_i686.manylinux2014_i686.whl", hash = "sha256:5da164119602212a3fe7e3bc08911a89db4710ae51444b4224c2382fd09ad453"},
    {url = "https://files.pythonhosted.org/packages/ed/c9/ffe44727dadb0930783a1ffb60facf8ead7dffbb67db9ae2fa28dacabcf1/pydantic-1.9.2-cp37-cp37m-musllinux_1_1_x86_64.whl", hash = "sha256:19b5686387ea0d1ea52ecc4cffb71abb21702c5e5b2ac626fd4dbaa0834aa49d"},
    {url = "https://files.pythonhosted.org/packages/f6/63/b412252dbbdc712500ad73fe2e591c3220781e63a8c135d26b7d60fcb99c/pydantic-1.9.2-cp38-cp38-manylinux_2_17_x86_64.manylinux2014_x86_64.whl", hash = "sha256:4b3946f87e5cef3ba2e7bd3a4eb5a20385fe36521d6cc1ebf3c08a6697c6cfb3"},
    {url = "https://files.pythonhosted.org/packages/f7/76/4a98738c31e520c78a80e9575b655b5c3ae96313102478bff4d643abc2e9/pydantic-1.9.2-cp39-cp39-musllinux_1_1_x86_64.whl", hash = "sha256:7d0f183b305629765910eaad707800d2f47c6ac5bcfb8c6397abdc30b69eeb15"},
    {url = "https://files.pythonhosted.org/packages/f7/ea/05d5fa5ab16536524258c73e932e2c417e47fffa33a939bf7c12e956b961/pydantic-1.9.2-cp310-cp310-musllinux_1_1_x86_64.whl", hash = "sha256:c0f5e142ef8217019e3eef6ae1b6b55f09a7a15972958d44fbd228214cede567"},
    {url = "https://files.pythonhosted.org/packages/fd/8f/3f7e88b507dbdfec8f1f914294aa8831edffb03d668799c65b4b46331c8a/pydantic-1.9.2.tar.gz", hash = "sha256:8cb0bc509bfb71305d7a59d00163d5f9fc4530f0881ea32c74ff4f74c85f3d3d"},
    {url = "https://files.pythonhosted.org/packages/fe/27/0de772dcd0517770b265dbc3998ed3ee3aa2ba25ba67e3685116cbbbccc6/pydantic-1.9.2-py3-none-any.whl", hash = "sha256:78a4d6bdfd116a559aeec9a4cfe77dda62acc6233f8b56a716edad2651023e5e"},
]
"sniffio 1.2.0" = [
    {url = "https://files.pythonhosted.org/packages/52/b0/7b2e028b63d092804b6794595871f936aafa5e9322dcaaad50ebf67445b3/sniffio-1.2.0-py3-none-any.whl", hash = "sha256:471b71698eac1c2112a40ce2752bb2f4a4814c22a54a3eed3676bc0f5ca9f663"},
    {url = "https://files.pythonhosted.org/packages/a6/ae/44ed7978bcb1f6337a3e2bef19c941de750d73243fc9389140d62853b686/sniffio-1.2.0.tar.gz", hash = "sha256:c4666eecec1d3f50960c6bdf61ab7bc350648da6c126e3cf6898d8cd4ddcd3de"},
]
"starlette 0.19.1" = [
    {url = "https://files.pythonhosted.org/packages/2b/18/405f4fb59119b8efa203c10a04a32a927976b5450cf649c8b4c9d079d21e/starlette-0.19.1.tar.gz", hash = "sha256:c6d21096774ecb9639acad41b86b7706e52ba3bf1dc13ea4ed9ad593d47e24c7"},
    {url = "https://files.pythonhosted.org/packages/f1/9d/1fa96008b302dd3e398f89f3fc5afb19fb0b0f341fefa05c65b3a38d64cf/starlette-0.19.1-py3-none-any.whl", hash = "sha256:5a60c5c2d051f3a8eb546136aa0c9399773a689595e099e0877704d5888279bf"},
]
"typing-extensions 4.3.0" = [
    {url = "https://files.pythonhosted.org/packages/9e/1d/d128169ff58c501059330f1ad96ed62b79114a2eb30b8238af63a2e27f70/typing_extensions-4.3.0.tar.gz", hash = "sha256:e6d2677a32f47fc7eb2795db1dd15c1f34eff616bcaf2cfb5e997f854fa1c4a6"},
    {url = "https://files.pythonhosted.org/packages/ed/d6/2afc375a8d55b8be879d6b4986d4f69f01115e795e36827fd3a40166028b/typing_extensions-4.3.0-py3-none-any.whl", hash = "sha256:25642c956049920a5aa49edcdd6ab1e06d7e5d467fc00e0506c44ac86fbfca02"},
]
"uvicorn 0.18.3" = [
    {url = "https://files.pythonhosted.org/packages/64/82/3fdff66fca901b30e42c88e0c37ada35e181074e0c4fd8d7d7525107329d/uvicorn-0.18.3-py3-none-any.whl", hash = "sha256:0abd429ebb41e604ed8d2be6c60530de3408f250e8d2d84967d85ba9e86fe3af"},
    {url = "https://files.pythonhosted.org/packages/6b/36/20d18a00a14d331f491340bc3a793f902a7de6b908f5b1dec74e066b80b8/uvicorn-0.18.3.tar.gz", hash = "sha256:9a66e7c42a2a95222f76ec24a4b754c158261c4696e683b9dadc72b590e0311b"},
]
